// !$*UTF8*$!
{
	archiveVersion = 1;
	classes = {
	};
	objectVersion = 46;
	objects = {

/* Begin PBXBuildFile section */
		6B748A1F1A8DAC54003F5124 /* main.m in Sources */ = {isa = PBXBuildFile; fileRef = 6B748A1E1A8DAC54003F5124 /* main.m */; };
		6B748A221A8DAC54003F5124 /* AppDelegate.m in Sources */ = {isa = PBXBuildFile; fileRef = 6B748A211A8DAC54003F5124 /* AppDelegate.m */; };
		6B748A251A8DAC54003F5124 /* ViewController.m in Sources */ = {isa = PBXBuildFile; fileRef = 6B748A241A8DAC54003F5124 /* ViewController.m */; };
		6B748A281A8DAC54003F5124 /* Main.storyboard in Resources */ = {isa = PBXBuildFile; fileRef = 6B748A261A8DAC54003F5124 /* Main.storyboard */; };
		6B748A2A1A8DAC54003F5124 /* Images.xcassets in Resources */ = {isa = PBXBuildFile; fileRef = 6B748A291A8DAC54003F5124 /* Images.xcassets */; };
		6B748A2D1A8DAC54003F5124 /* LaunchScreen.xib in Resources */ = {isa = PBXBuildFile; fileRef = 6B748A2B1A8DAC54003F5124 /* LaunchScreen.xib */; };
		6B748A391A8DAC54003F5124 /* TryazonAppTests.m in Sources */ = {isa = PBXBuildFile; fileRef = 6B748A381A8DAC54003F5124 /* TryazonAppTests.m */; };
		6B748A431A8DACB6003F5124 /* Tryazon-logo2a.png in Resources */ = {isa = PBXBuildFile; fileRef = 6B748A421A8DACB6003F5124 /* Tryazon-logo2a.png */; };
		6BBCDAE31A8FCDB6001A8753 /* TASurveyControllerViewController.m in Sources */ = {isa = PBXBuildFile; fileRef = 6BBCDAE21A8FCDB6001A8753 /* TASurveyControllerViewController.m */; };
/* End PBXBuildFile section */

/* Begin PBXContainerItemProxy section */
		6B748A331A8DAC54003F5124 /* PBXContainerItemProxy */ = {
			isa = PBXContainerItemProxy;
			containerPortal = 6B748A111A8DAC54003F5124 /* Project object */;
			proxyType = 1;
			remoteGlobalIDString = 6B748A181A8DAC54003F5124;
			remoteInfo = TryazonApp;
		};
/* End PBXContainerItemProxy section */

/* Begin PBXFileReference section */
		6B748A191A8DAC54003F5124 /* TryazonApp.app */ = {isa = PBXFileReference; explicitFileType = wrapper.application; includeInIndex = 0; path = TryazonApp.app; sourceTree = BUILT_PRODUCTS_DIR; };
		6B748A1D1A8DAC54003F5124 /* Info.plist */ = {isa = PBXFileReference; lastKnownFileType = text.plist.xml; path = Info.plist; sourceTree = "<group>"; };
		6B748A1E1A8DAC54003F5124 /* main.m */ = {isa = PBXFileReference; lastKnownFileType = sourcecode.c.objc; path = main.m; sourceTree = "<group>"; };
		6B748A201A8DAC54003F5124 /* AppDelegate.h */ = {isa = PBXFileReference; lastKnownFileType = sourcecode.c.h; path = AppDelegate.h; sourceTree = "<group>"; };
		6B748A211A8DAC54003F5124 /* AppDelegate.m */ = {isa = PBXFileReference; lastKnownFileType = sourcecode.c.objc; path = AppDelegate.m; sourceTree = "<group>"; };
		6B748A231A8DAC54003F5124 /* ViewController.h */ = {isa = PBXFileReference; lastKnownFileType = sourcecode.c.h; path = ViewController.h; sourceTree = "<group>"; };
		6B748A241A8DAC54003F5124 /* ViewController.m */ = {isa = PBXFileReference; lastKnownFileType = sourcecode.c.objc; path = ViewController.m; sourceTree = "<group>"; };
		6B748A271A8DAC54003F5124 /* Base */ = {isa = PBXFileReference; lastKnownFileType = file.storyboard; name = Base; path = Base.lproj/Main.storyboard; sourceTree = "<group>"; };
		6B748A291A8DAC54003F5124 /* Images.xcassets */ = {isa = PBXFileReference; lastKnownFileType = folder.assetcatalog; path = Images.xcassets; sourceTree = "<group>"; };
		6B748A2C1A8DAC54003F5124 /* Base */ = {isa = PBXFileReference; lastKnownFileType = file.xib; name = Base; path = Base.lproj/LaunchScreen.xib; sourceTree = "<group>"; };
		6B748A321A8DAC54003F5124 /* TryazonAppTests.xctest */ = {isa = PBXFileReference; explicitFileType = wrapper.cfbundle; includeInIndex = 0; path = TryazonAppTests.xctest; sourceTree = BUILT_PRODUCTS_DIR; };
		6B748A371A8DAC54003F5124 /* Info.plist */ = {isa = PBXFileReference; lastKnownFileType = text.plist.xml; path = Info.plist; sourceTree = "<group>"; };
		6B748A381A8DAC54003F5124 /* TryazonAppTests.m */ = {isa = PBXFileReference; lastKnownFileType = sourcecode.c.objc; path = TryazonAppTests.m; sourceTree = "<group>"; };
		6B748A421A8DACB6003F5124 /* Tryazon-logo2a.png */ = {isa = PBXFileReference; lastKnownFileType = image.png; path = "Tryazon-logo2a.png"; sourceTree = "<group>"; };
		6BBCDAE11A8FCDB6001A8753 /* TASurveyControllerViewController.h */ = {isa = PBXFileReference; fileEncoding = 4; lastKnownFileType = sourcecode.c.h; path = TASurveyControllerViewController.h; sourceTree = "<group>"; };
		6BBCDAE21A8FCDB6001A8753 /* TASurveyControllerViewController.m */ = {isa = PBXFileReference; fileEncoding = 4; lastKnownFileType = sourcecode.c.objc; path = TASurveyControllerViewController.m; sourceTree = "<group>"; };
/* End PBXFileReference section */

/* Begin PBXFrameworksBuildPhase section */
		6B748A161A8DAC54003F5124 /* Frameworks */ = {
			isa = PBXFrameworksBuildPhase;
			buildActionMask = 2147483647;
			files = (
			);
			runOnlyForDeploymentPostprocessing = 0;
		};
		6B748A2F1A8DAC54003F5124 /* Frameworks */ = {
			isa = PBXFrameworksBuildPhase;
			buildActionMask = 2147483647;
			files = (
			);
			runOnlyForDeploymentPostprocessing = 0;
		};
/* End PBXFrameworksBuildPhase section */

/* Begin PBXGroup section */
		6B748A101A8DAC54003F5124 = {
			isa = PBXGroup;
			children = (
				6B748A1B1A8DAC54003F5124 /* TryazonApp */,
				6B748A351A8DAC54003F5124 /* TryazonAppTests */,
				6B748A1A1A8DAC54003F5124 /* Products */,
			);
			sourceTree = "<group>";
		};
		6B748A1A1A8DAC54003F5124 /* Products */ = {
			isa = PBXGroup;
			children = (
				6B748A191A8DAC54003F5124 /* TryazonApp.app */,
				6B748A321A8DAC54003F5124 /* TryazonAppTests.xctest */,
			);
			name = Products;
			sourceTree = "<group>";
		};
		6B748A1B1A8DAC54003F5124 /* TryazonApp */ = {
			isa = PBXGroup;
			children = (
				6B748A201A8DAC54003F5124 /* AppDelegate.h */,
				6B748A211A8DAC54003F5124 /* AppDelegate.m */,
				6B748A231A8DAC54003F5124 /* ViewController.h */,
				6B748A241A8DAC54003F5124 /* ViewController.m */,
				6B748A261A8DAC54003F5124 /* Main.storyboard */,
				6BBCDAE11A8FCDB6001A8753 /* TASurveyControllerViewController.h */,
				6BBCDAE21A8FCDB6001A8753 /* TASurveyControllerViewController.m */,
				6B748A421A8DACB6003F5124 /* Tryazon-logo2a.png */,
				6B748A291A8DAC54003F5124 /* Images.xcassets */,
				6B748A2B1A8DAC54003F5124 /* LaunchScreen.xib */,
				6B748A1C1A8DAC54003F5124 /* Supporting Files */,
			);
			path = TryazonApp;
			sourceTree = "<group>";
		};
		6B748A1C1A8DAC54003F5124 /* Supporting Files */ = {
			isa = PBXGroup;
			children = (
				6B748A1D1A8DAC54003F5124 /* Info.plist */,
				6B748A1E1A8DAC54003F5124 /* main.m */,
			);
			name = "Supporting Files";
			sourceTree = "<group>";
		};
		6B748A351A8DAC54003F5124 /* TryazonAppTests */ = {
			isa = PBXGroup;
			children = (
				6B748A381A8DAC54003F5124 /* TryazonAppTests.m */,
				6B748A361A8DAC54003F5124 /* Supporting Files */,
			);
			path = TryazonAppTests;
			sourceTree = "<group>";
		};
		6B748A361A8DAC54003F5124 /* Supporting Files */ = {
			isa = PBXGroup;
			children = (
				6B748A371A8DAC54003F5124 /* Info.plist */,
			);
			name = "Supporting Files";
			sourceTree = "<group>";
		};
/* End PBXGroup section */

/* Begin PBXNativeTarget section */
		6B748A181A8DAC54003F5124 /* TryazonApp */ = {
			isa = PBXNativeTarget;
			buildConfigurationList = 6B748A3C1A8DAC54003F5124 /* Build configuration list for PBXNativeTarget "TryazonApp" */;
			buildPhases = (
				6B748A151A8DAC54003F5124 /* Sources */,
				6B748A161A8DAC54003F5124 /* Frameworks */,
				6B748A171A8DAC54003F5124 /* Resources */,
			);
			buildRules = (
			);
			dependencies = (
			);
			name = TryazonApp;
			productName = TryazonApp;
			productReference = 6B748A191A8DAC54003F5124 /* TryazonApp.app */;
			productType = "com.apple.product-type.application";
		};
		6B748A311A8DAC54003F5124 /* TryazonAppTests */ = {
			isa = PBXNativeTarget;
			buildConfigurationList = 6B748A3F1A8DAC54003F5124 /* Build configuration list for PBXNativeTarget "TryazonAppTests" */;
			buildPhases = (
				6B748A2E1A8DAC54003F5124 /* Sources */,
				6B748A2F1A8DAC54003F5124 /* Frameworks */,
				6B748A301A8DAC54003F5124 /* Resources */,
			);
			buildRules = (
			);
			dependencies = (
				6B748A341A8DAC54003F5124 /* PBXTargetDependency */,
			);
			name = TryazonAppTests;
			productName = TryazonAppTests;
			productReference = 6B748A321A8DAC54003F5124 /* TryazonAppTests.xctest */;
			productType = "com.apple.product-type.bundle.unit-test";
		};
/* End PBXNativeTarget section */

/* Begin PBXProject section */
		6B748A111A8DAC54003F5124 /* Project object */ = {
			isa = PBXProject;
			attributes = {
				LastUpgradeCheck = 0610;
				ORGANIZATIONNAME = "Dustin Flanary";
				TargetAttributes = {
					6B748A181A8DAC54003F5124 = {
						CreatedOnToolsVersion = 6.1.1;
						DevelopmentTeam = KM2A3K6DXB;
						SystemCapabilities = {
							com.apple.BackgroundModes = {
								enabled = 1;
							};
						};
					};
					6B748A311A8DAC54003F5124 = {
						CreatedOnToolsVersion = 6.1.1;
						TestTargetID = 6B748A181A8DAC54003F5124;
					};
				};
			};
			buildConfigurationList = 6B748A141A8DAC54003F5124 /* Build configuration list for PBXProject "TryazonApp" */;
			compatibilityVersion = "Xcode 3.2";
			developmentRegion = English;
			hasScannedForEncodings = 0;
			knownRegions = (
				en,
				Base,
			);
			mainGroup = 6B748A101A8DAC54003F5124;
			productRefGroup = 6B748A1A1A8DAC54003F5124 /* Products */;
			projectDirPath = "";
			projectRoot = "";
			targets = (
				6B748A181A8DAC54003F5124 /* TryazonApp */,
				6B748A311A8DAC54003F5124 /* TryazonAppTests */,
			);
		};
/* End PBXProject section */

/* Begin PBXResourcesBuildPhase section */
		6B748A171A8DAC54003F5124 /* Resources */ = {
			isa = PBXResourcesBuildPhase;
			buildActionMask = 2147483647;
			files = (
				6B748A281A8DAC54003F5124 /* Main.storyboard in Resources */,
				6B748A431A8DACB6003F5124 /* Tryazon-logo2a.png in Resources */,
				6B748A2D1A8DAC54003F5124 /* LaunchScreen.xib in Resources */,
				6B748A2A1A8DAC54003F5124 /* Images.xcassets in Resources */,
			);
			runOnlyForDeploymentPostprocessing = 0;
		};
		6B748A301A8DAC54003F5124 /* Resources */ = {
			isa = PBXResourcesBuildPhase;
			buildActionMask = 2147483647;
			files = (
			);
			runOnlyForDeploymentPostprocessing = 0;
		};
/* End PBXResourcesBuildPhase section */

/* Begin PBXSourcesBuildPhase section */
		6B748A151A8DAC54003F5124 /* Sources */ = {
			isa = PBXSourcesBuildPhase;
			buildActionMask = 2147483647;
			files = (
				6B748A251A8DAC54003F5124 /* ViewController.m in Sources */,
				6B748A221A8DAC54003F5124 /* AppDelegate.m in Sources */,
				6B748A1F1A8DAC54003F5124 /* main.m in Sources */,
				6BBCDAE31A8FCDB6001A8753 /* TASurveyControllerViewController.m in Sources */,
			);
			runOnlyForDeploymentPostprocessing = 0;
		};
		6B748A2E1A8DAC54003F5124 /* Sources */ = {
			isa = PBXSourcesBuildPhase;
			buildActionMask = 2147483647;
			files = (
				6B748A391A8DAC54003F5124 /* TryazonAppTests.m in Sources */,
			);
			runOnlyForDeploymentPostprocessing = 0;
		};
/* End PBXSourcesBuildPhase section */

/* Begin PBXTargetDependency section */
		6B748A341A8DAC54003F5124 /* PBXTargetDependency */ = {
			isa = PBXTargetDependency;
			target = 6B748A181A8DAC54003F5124 /* TryazonApp */;
			targetProxy = 6B748A331A8DAC54003F5124 /* PBXContainerItemProxy */;
		};
/* End PBXTargetDependency section */

/* Begin PBXVariantGroup section */
		6B748A261A8DAC54003F5124 /* Main.storyboard */ = {
			isa = PBXVariantGroup;
			children = (
				6B748A271A8DAC54003F5124 /* Base */,
			);
			name = Main.storyboard;
			sourceTree = "<group>";
		};
		6B748A2B1A8DAC54003F5124 /* LaunchScreen.xib */ = {
			isa = PBXVariantGroup;
			children = (
				6B748A2C1A8DAC54003F5124 /* Base */,
			);
			name = LaunchScreen.xib;
			sourceTree = "<group>";
		};
/* End PBXVariantGroup section */

/* Begin XCBuildConfiguration section */
		6B748A3A1A8DAC54003F5124 /* Debug */ = {
			isa = XCBuildConfiguration;
			buildSettings = {
				ALWAYS_SEARCH_USER_PATHS = NO;
				CLANG_CXX_LANGUAGE_STANDARD = "gnu++0x";
				CLANG_CXX_LIBRARY = "libc++";
				CLANG_ENABLE_MODULES = YES;
				CLANG_ENABLE_OBJC_ARC = YES;
				CLANG_WARN_BOOL_CONVERSION = YES;
				CLANG_WARN_CONSTANT_CONVERSION = YES;
				CLANG_WARN_DIRECT_OBJC_ISA_USAGE = YES_ERROR;
				CLANG_WARN_EMPTY_BODY = YES;
				CLANG_WARN_ENUM_CONVERSION = YES;
				CLANG_WARN_INT_CONVERSION = YES;
				CLANG_WARN_OBJC_ROOT_CLASS = YES_ERROR;
				CLANG_WARN_UNREACHABLE_CODE = YES;
				CLANG_WARN__DUPLICATE_METHOD_MATCH = YES;
				"CODE_SIGN_IDENTITY[sdk=iphoneos*]" = "iPhone Developer";
				COPY_PHASE_STRIP = NO;
				ENABLE_STRICT_OBJC_MSGSEND = YES;
				GCC_C_LANGUAGE_STANDARD = gnu99;
				GCC_DYNAMIC_NO_PIC = NO;
				GCC_OPTIMIZATION_LEVEL = 0;
				GCC_PREPROCESSOR_DEFINITIONS = (
					"DEBUG=1",
					"$(inherited)",
				);
				GCC_SYMBOLS_PRIVATE_EXTERN = NO;
				GCC_WARN_64_TO_32_BIT_CONVERSION = YES;
				GCC_WARN_ABOUT_RETURN_TYPE = YES_ERROR;
				GCC_WARN_UNDECLARED_SELECTOR = YES;
				GCC_WARN_UNINITIALIZED_AUTOS = YES_AGGRESSIVE;
				GCC_WARN_UNUSED_FUNCTION = YES;
				GCC_WARN_UNUSED_VARIABLE = YES;
				IPHONEOS_DEPLOYMENT_TARGET = 8.1;
				MTL_ENABLE_DEBUG_INFO = YES;
				ONLY_ACTIVE_ARCH = YES;
				SDKROOT = iphoneos;
				TARGETED_DEVICE_FAMILY = "1,2";
			};
			name = Debug;
		};
		6B748A3B1A8DAC54003F5124 /* Release */ = {
			isa = XCBuildConfiguration;
			buildSettings = {
				ALWAYS_SEARCH_USER_PATHS = NO;
				CLANG_CXX_LANGUAGE_STANDARD = "gnu++0x";
				CLANG_CXX_LIBRARY = "libc++";
				CLANG_ENABLE_MODULES = YES;
				CLANG_ENABLE_OBJC_ARC = YES;
				CLANG_WARN_BOOL_CONVERSION = YES;
				CLANG_WARN_CONSTANT_CONVERSION = YES;
				CLANG_WARN_DIRECT_OBJC_ISA_USAGE = YES_ERROR;
				CLANG_WARN_EMPTY_BODY = YES;
				CLANG_WARN_ENUM_CONVERSION = YES;
				CLANG_WARN_INT_CONVERSION = YES;
				CLANG_WARN_OBJC_ROOT_CLASS = YES_ERROR;
				CLANG_WARN_UNREACHABLE_CODE = YES;
				CLANG_WARN__DUPLICATE_METHOD_MATCH = YES;
				"CODE_SIGN_IDENTITY[sdk=iphoneos*]" = "iPhone Developer";
				COPY_PHASE_STRIP = YES;
				ENABLE_NS_ASSERTIONS = NO;
				ENABLE_STRICT_OBJC_MSGSEND = YES;
				GCC_C_LANGUAGE_STANDARD = gnu99;
				GCC_WARN_64_TO_32_BIT_CONVERSION = YES;
				GCC_WARN_ABOUT_RETURN_TYPE = YES_ERROR;
				GCC_WARN_UNDECLARED_SELECTOR = YES;
				GCC_WARN_UNINITIALIZED_AUTOS = YES_AGGRESSIVE;
				GCC_WARN_UNUSED_FUNCTION = YES;
				GCC_WARN_UNUSED_VARIABLE = YES;
				IPHONEOS_DEPLOYMENT_TARGET = 8.1;
				MTL_ENABLE_DEBUG_INFO = NO;
				SDKROOT = iphoneos;
				TARGETED_DEVICE_FAMILY = "1,2";
				VALIDATE_PRODUCT = YES;
			};
			name = Release;
		};
		6B748A3D1A8DAC54003F5124 /* Debug */ = {
			isa = XCBuildConfiguration;
			buildSettings = {
				ASSETCATALOG_COMPILER_APPICON_NAME = AppIcon;
				CODE_SIGN_IDENTITY = "iPhone Developer";
				"CODE_SIGN_IDENTITY[sdk=iphoneos*]" = "iPhone Developer";
				INFOPLIST_FILE = TryazonApp/Info.plist;
				LD_RUNPATH_SEARCH_PATHS = "$(inherited) @executable_path/Frameworks";
				PRODUCT_NAME = "$(TARGET_NAME)";
				PROVISIONING_PROFILE = "";
			};
			name = Debug;
		};
		6B748A3E1A8DAC54003F5124 /* Release */ = {
			isa = XCBuildConfiguration;
			buildSettings = {
				ASSETCATALOG_COMPILER_APPICON_NAME = AppIcon;
				CODE_SIGN_IDENTITY = "iPhone Developer";
				"CODE_SIGN_IDENTITY[sdk=iphoneos*]" = "iPhone Developer";
				INFOPLIST_FILE = TryazonApp/Info.plist;
				LD_RUNPATH_SEARCH_PATHS = "$(inherited) @executable_path/Frameworks";
				PRODUCT_NAME = "$(TARGET_NAME)";
				PROVISIONING_PROFILE = "";
			};
			name = Release;
		};
		6B748A401A8DAC54003F5124 /* Debug */ = {
			isa = XCBuildConfiguration;
			buildSettings = {
				BUNDLE_LOADER = "$(TEST_HOST)";
				FRAMEWORK_SEARCH_PATHS = (
					"$(SDKROOT)/Developer/Library/Frameworks",
					"$(inherited)",
				);
				GCC_PREPROCESSOR_DEFINITIONS = (
					"DEBUG=1",
					"$(inherited)",
				);
				INFOPLIST_FILE = TryazonAppTests/Info.plist;
				LD_RUNPATH_SEARCH_PATHS = "$(inherited) @executable_path/Frameworks @loader_path/Frameworks";
				PRODUCT_NAME = "$(TARGET_NAME)";
				TEST_HOST = "$(BUILT_PRODUCTS_DIR)/TryazonApp.app/TryazonApp";
			};
			name = Debug;
		};
		6B748A411A8DAC54003F5124 /* Release */ = {
			isa = XCBuildConfiguration;
			buildSettings = {
				BUNDLE_LOADER = "$(TEST_HOST)";
				FRAMEWORK_SEARCH_PATHS = (
					"$(SDKROOT)/Developer/Library/Frameworks",
					"$(inherited)",
				);
				INFOPLIST_FILE = TryazonAppTests/Info.plist;
				LD_RUNPATH_SEARCH_PATHS = "$(inherited) @executable_path/Frameworks @loader_path/Frameworks";
				PRODUCT_NAME = "$(TARGET_NAME)";
				TEST_HOST = "$(BUILT_PRODUCTS_DIR)/TryazonApp.app/TryazonApp";
			};
			name = Release;
		};
/* End XCBuildConfiguration section */

/* Begin XCConfigurationList section */
		6B748A141A8DAC54003F5124 /* Build configuration list for PBXProject "TryazonApp" */ = {
			isa = XCConfigurationList;
			buildConfigurations = (
				6B748A3A1A8DAC54003F5124 /* Debug */,
				6B748A3B1A8DAC54003F5124 /* Release */,
			);
			defaultConfigurationIsVisible = 0;
			defaultConfigurationName = Release;
		};
		6B748A3C1A8DAC54003F5124 /* Build configuration list for PBXNativeTarget "TryazonApp" */ = {
			isa = XCConfigurationList;
			buildConfigurations = (
				6B748A3D1A8DAC54003F5124 /* Debug */,
				6B748A3E1A8DAC54003F5124 /* Release */,
			);
			defaultConfigurationIsVisible = 0;
			defaultConfigurationName = Release;
		};
		6B748A3F1A8DAC54003F5124 /* Build configuration list for PBXNativeTarget "TryazonAppTests" */ = {
			isa = XCConfigurationList;
			buildConfigurations = (
				6B748A401A8DAC54003F5124 /* Debug */,
				6B748A411A8DAC54003F5124 /* Release */,
			);
			defaultConfigurationIsVisible = 0;
			defaultConfigurationName = Release;
		};
/* End XCConfigurationList section */
	};
	rootObject = 6B748A111A8DAC54003F5124 /* Project object */;
}
