// !$*UTF8*$!
{
	archiveVersion = 1;
	classes = {
	};
	objectVersion = 46;
	objects = {

/* Begin PBXBuildFile section */
		6B748A1F1A8DAC54003F5124 /* main.m in Sources */ = {isa = PBXBuildFile; fileRef = 6B748A1E1A8DAC54003F5124 /* main.m */; };
		6B748A221A8DAC54003F5124 /* AppDelegate.m in Sources */ = {isa = PBXBuildFile; fileRef = 6B748A211A8DAC54003F5124 /* AppDelegate.m */; };
		6B748A2A1A8DAC54003F5124 /* Images.xcassets in Resources */ = {isa = PBXBuildFile; fileRef = 6B748A291A8DAC54003F5124 /* Images.xcassets */; };
		6B748A2D1A8DAC54003F5124 /* LaunchScreen.xib in Resources */ = {isa = PBXBuildFile; fileRef = 6B748A2B1A8DAC54003F5124 /* LaunchScreen.xib */; };
		6B748A391A8DAC54003F5124 /* TryazonAppTests.m in Sources */ = {isa = PBXBuildFile; fileRef = 6B748A381A8DAC54003F5124 /* TryazonAppTests.m */; };
		6B748A431A8DACB6003F5124 /* Tryazon-logo2a.png in Resources */ = {isa = PBXBuildFile; fileRef = 6B748A421A8DACB6003F5124 /* Tryazon-logo2a.png */; };
		6BAB848D1AA00C7F00ED3218 /* TALogInViewController.m in Sources */ = {isa = PBXBuildFile; fileRef = 6BAB848C1AA00C7F00ED3218 /* TALogInViewController.m */; };
		6BAB84921AA2472700ED3218 /* TASignUpViewController.m in Sources */ = {isa = PBXBuildFile; fileRef = 6BAB84911AA2472700ED3218 /* TASignUpViewController.m */; };
		6BAB84941AA254F000ED3218 /* Tryazon-logo.png in Resources */ = {isa = PBXBuildFile; fileRef = 6BAB84931AA254F000ED3218 /* Tryazon-logo.png */; };
		6BAB84961AA2550800ED3218 /* Tryazon-logo-blank.png in Resources */ = {isa = PBXBuildFile; fileRef = 6BAB84951AA2550800ED3218 /* Tryazon-logo-blank.png */; };
		6BAB849C1AA69C1A00ED3218 /* TAPartyHostInfoViewController.m in Sources */ = {isa = PBXBuildFile; fileRef = 6BAB849B1AA69C1A00ED3218 /* TAPartyHostInfoViewController.m */; };
		6BAB849F1AA6B87000ED3218 /* TAPartyController.m in Sources */ = {isa = PBXBuildFile; fileRef = 6BAB849E1AA6B87000ED3218 /* TAPartyController.m */; };
		6BBCDAE31A8FCDB6001A8753 /* TASurveyViewController.m in Sources */ = {isa = PBXBuildFile; fileRef = 6BBCDAE21A8FCDB6001A8753 /* TASurveyViewController.m */; };
		6BC17FD31AC4D19D009E1C30 /* Main.storyboard in Resources */ = {isa = PBXBuildFile; fileRef = 6BC17FD21AC4D19D009E1C30 /* Main.storyboard */; };
		6BC17FD61AC4F7D2009E1C30 /* TASignUpWebViewController.m in Sources */ = {isa = PBXBuildFile; fileRef = 6BC17FD51AC4F7D2009E1C30 /* TASignUpWebViewController.m */; };
		6BC185881A942F8C00EADC9D /* SurveyDetailViewController.m in Sources */ = {isa = PBXBuildFile; fileRef = 6BC185871A942F8C00EADC9D /* SurveyDetailViewController.m */; };
		6BC32F4B1AB9061800C242BB /* TAPartyPlanningChecklistTableViewController.m in Sources */ = {isa = PBXBuildFile; fileRef = 6BC32F4A1AB9061800C242BB /* TAPartyPlanningChecklistTableViewController.m */; };
		6BC32F511ABD28EB00C242BB /* TANetworkController.m in Sources */ = {isa = PBXBuildFile; fileRef = 6BC32F501ABD28EB00C242BB /* TANetworkController.m */; };
		6BC32F541ABD2B0100C242BB /* TAParty.m in Sources */ = {isa = PBXBuildFile; fileRef = 6BC32F531ABD2B0100C242BB /* TAParty.m */; };
		6BC32F571ABD2C6300C242BB /* TAChecklist.m in Sources */ = {isa = PBXBuildFile; fileRef = 6BC32F561ABD2C6300C242BB /* TAChecklist.m */; };
		6BC552BB1A98ED6C00BB2FA4 /* UIColor+ExtraColorTools.m in Sources */ = {isa = PBXBuildFile; fileRef = 6BC552BA1A98ED6C00BB2FA4 /* UIColor+ExtraColorTools.m */; };
		6BC552BE1A9909F300BB2FA4 /* TATitlePageViewController.m in Sources */ = {isa = PBXBuildFile; fileRef = 6BC552BD1A9909F300BB2FA4 /* TATitlePageViewController.m */; };
		6BC552C11A990DED00BB2FA4 /* TAUserController.m in Sources */ = {isa = PBXBuildFile; fileRef = 6BC552C01A990DED00BB2FA4 /* TAUserController.m */; };
		6BEE9DA71AC71A90004FF4BA /* ChecklistSection.m in Sources */ = {isa = PBXBuildFile; fileRef = 6BEE9DA61AC71A90004FF4BA /* ChecklistSection.m */; };
		6BEE9DAA1AC71AA2004FF4BA /* ChecklistEntries.m in Sources */ = {isa = PBXBuildFile; fileRef = 6BEE9DA91AC71AA2004FF4BA /* ChecklistEntries.m */; };
		6BEE9DAD1AC71AAE004FF4BA /* Entry.m in Sources */ = {isa = PBXBuildFile; fileRef = 6BEE9DAC1AC71AAE004FF4BA /* Entry.m */; };
		6BEE9DB01ACB31AB004FF4BA /* TATableViewCell.m in Sources */ = {isa = PBXBuildFile; fileRef = 6BEE9DAF1ACB31AB004FF4BA /* TATableViewCell.m */; };
		89AD0170010246D1FA1F6833 /* libPods-TryazonApp.a in Frameworks */ = {isa = PBXBuildFile; fileRef = DE1EEB53CFD4FD38D89663BD /* libPods-TryazonApp.a */; };
/* End PBXBuildFile section */

/* Begin PBXContainerItemProxy section */
		6B748A331A8DAC54003F5124 /* PBXContainerItemProxy */ = {
			isa = PBXContainerItemProxy;
			containerPortal = 6B748A111A8DAC54003F5124 /* Project object */;
			proxyType = 1;
			remoteGlobalIDString = 6B748A181A8DAC54003F5124;
			remoteInfo = TryazonApp;
		};
/* End PBXContainerItemProxy section */

/* Begin PBXFileReference section */
		03E5E70203255536E6DD5076 /* Pods-TryazonApp.release.xcconfig */ = {isa = PBXFileReference; includeInIndex = 1; lastKnownFileType = text.xcconfig; name = "Pods-TryazonApp.release.xcconfig"; path = "Pods/Target Support Files/Pods-TryazonApp/Pods-TryazonApp.release.xcconfig"; sourceTree = "<group>"; };
		3C7D92C43B1DC949FCF7BA26 /* Pods-TryazonApp.debug.xcconfig */ = {isa = PBXFileReference; includeInIndex = 1; lastKnownFileType = text.xcconfig; name = "Pods-TryazonApp.debug.xcconfig"; path = "Pods/Target Support Files/Pods-TryazonApp/Pods-TryazonApp.debug.xcconfig"; sourceTree = "<group>"; };
		6B748A191A8DAC54003F5124 /* TryazonApp.app */ = {isa = PBXFileReference; explicitFileType = wrapper.application; includeInIndex = 0; path = TryazonApp.app; sourceTree = BUILT_PRODUCTS_DIR; };
		6B748A1D1A8DAC54003F5124 /* Info.plist */ = {isa = PBXFileReference; lastKnownFileType = text.plist.xml; path = Info.plist; sourceTree = "<group>"; };
		6B748A1E1A8DAC54003F5124 /* main.m */ = {isa = PBXFileReference; lastKnownFileType = sourcecode.c.objc; path = main.m; sourceTree = "<group>"; };
		6B748A201A8DAC54003F5124 /* AppDelegate.h */ = {isa = PBXFileReference; lastKnownFileType = sourcecode.c.h; path = AppDelegate.h; sourceTree = "<group>"; };
		6B748A211A8DAC54003F5124 /* AppDelegate.m */ = {isa = PBXFileReference; lastKnownFileType = sourcecode.c.objc; path = AppDelegate.m; sourceTree = "<group>"; };
		6B748A291A8DAC54003F5124 /* Images.xcassets */ = {isa = PBXFileReference; lastKnownFileType = folder.assetcatalog; path = Images.xcassets; sourceTree = "<group>"; };
		6B748A2C1A8DAC54003F5124 /* Base */ = {isa = PBXFileReference; lastKnownFileType = file.xib; name = Base; path = Base.lproj/LaunchScreen.xib; sourceTree = "<group>"; };
		6B748A321A8DAC54003F5124 /* TryazonAppTests.xctest */ = {isa = PBXFileReference; explicitFileType = wrapper.cfbundle; includeInIndex = 0; path = TryazonAppTests.xctest; sourceTree = BUILT_PRODUCTS_DIR; };
		6B748A371A8DAC54003F5124 /* Info.plist */ = {isa = PBXFileReference; lastKnownFileType = text.plist.xml; path = Info.plist; sourceTree = "<group>"; };
		6B748A381A8DAC54003F5124 /* TryazonAppTests.m */ = {isa = PBXFileReference; lastKnownFileType = sourcecode.c.objc; path = TryazonAppTests.m; sourceTree = "<group>"; };
		6B748A421A8DACB6003F5124 /* Tryazon-logo2a.png */ = {isa = PBXFileReference; lastKnownFileType = image.png; path = "Tryazon-logo2a.png"; sourceTree = "<group>"; };
		6BAB848B1AA00C7F00ED3218 /* TALogInViewController.h */ = {isa = PBXFileReference; fileEncoding = 4; lastKnownFileType = sourcecode.c.h; path = TALogInViewController.h; sourceTree = "<group>"; };
		6BAB848C1AA00C7F00ED3218 /* TALogInViewController.m */ = {isa = PBXFileReference; fileEncoding = 4; lastKnownFileType = sourcecode.c.objc; path = TALogInViewController.m; sourceTree = "<group>"; };
		6BAB84901AA2472700ED3218 /* TASignUpViewController.h */ = {isa = PBXFileReference; fileEncoding = 4; lastKnownFileType = sourcecode.c.h; path = TASignUpViewController.h; sourceTree = "<group>"; };
		6BAB84911AA2472700ED3218 /* TASignUpViewController.m */ = {isa = PBXFileReference; fileEncoding = 4; lastKnownFileType = sourcecode.c.objc; path = TASignUpViewController.m; sourceTree = "<group>"; };
		6BAB84931AA254F000ED3218 /* Tryazon-logo.png */ = {isa = PBXFileReference; lastKnownFileType = image.png; name = "Tryazon-logo.png"; path = "../../../Library/Containers/com.apple.mail/Data/Library/Mail Downloads/6745E820-D729-4EA4-B012-98C224734F55/Tryazon-logo.png"; sourceTree = "<group>"; };
		6BAB84951AA2550800ED3218 /* Tryazon-logo-blank.png */ = {isa = PBXFileReference; lastKnownFileType = image.png; name = "Tryazon-logo-blank.png"; path = "../../../Library/Containers/com.apple.mail/Data/Library/Mail Downloads/22409DC3-1D10-4B26-A52F-17C6D05E2FB1/Tryazon-logo-blank.png"; sourceTree = "<group>"; };
		6BAB849A1AA69C1A00ED3218 /* TAPartyHostInfoViewController.h */ = {isa = PBXFileReference; fileEncoding = 4; lastKnownFileType = sourcecode.c.h; path = TAPartyHostInfoViewController.h; sourceTree = "<group>"; };
		6BAB849B1AA69C1A00ED3218 /* TAPartyHostInfoViewController.m */ = {isa = PBXFileReference; fileEncoding = 4; lastKnownFileType = sourcecode.c.objc; path = TAPartyHostInfoViewController.m; sourceTree = "<group>"; };
		6BAB849D1AA6B87000ED3218 /* TAPartyController.h */ = {isa = PBXFileReference; fileEncoding = 4; lastKnownFileType = sourcecode.c.h; path = TAPartyController.h; sourceTree = "<group>"; };
		6BAB849E1AA6B87000ED3218 /* TAPartyController.m */ = {isa = PBXFileReference; fileEncoding = 4; lastKnownFileType = sourcecode.c.objc; path = TAPartyController.m; sourceTree = "<group>"; };
		6BBCDAE11A8FCDB6001A8753 /* TASurveyViewController.h */ = {isa = PBXFileReference; fileEncoding = 4; lastKnownFileType = sourcecode.c.h; path = TASurveyViewController.h; sourceTree = "<group>"; };
		6BBCDAE21A8FCDB6001A8753 /* TASurveyViewController.m */ = {isa = PBXFileReference; fileEncoding = 4; lastKnownFileType = sourcecode.c.objc; path = TASurveyViewController.m; sourceTree = "<group>"; };
		6BC17FD21AC4D19D009E1C30 /* Main.storyboard */ = {isa = PBXFileReference; fileEncoding = 4; lastKnownFileType = file.storyboard; name = Main.storyboard; path = ../../../.Trash/Main.storyboard; sourceTree = "<group>"; };
		6BC17FD41AC4F7D2009E1C30 /* TASignUpWebViewController.h */ = {isa = PBXFileReference; fileEncoding = 4; lastKnownFileType = sourcecode.c.h; path = TASignUpWebViewController.h; sourceTree = "<group>"; };
		6BC17FD51AC4F7D2009E1C30 /* TASignUpWebViewController.m */ = {isa = PBXFileReference; fileEncoding = 4; lastKnownFileType = sourcecode.c.objc; path = TASignUpWebViewController.m; sourceTree = "<group>"; };
		6BC185861A942F8C00EADC9D /* SurveyDetailViewController.h */ = {isa = PBXFileReference; fileEncoding = 4; lastKnownFileType = sourcecode.c.h; path = SurveyDetailViewController.h; sourceTree = "<group>"; };
		6BC185871A942F8C00EADC9D /* SurveyDetailViewController.m */ = {isa = PBXFileReference; fileEncoding = 4; lastKnownFileType = sourcecode.c.objc; path = SurveyDetailViewController.m; sourceTree = "<group>"; };
		6BC32F491AB9061800C242BB /* TAPartyPlanningChecklistTableViewController.h */ = {isa = PBXFileReference; fileEncoding = 4; lastKnownFileType = sourcecode.c.h; path = TAPartyPlanningChecklistTableViewController.h; sourceTree = "<group>"; };
		6BC32F4A1AB9061800C242BB /* TAPartyPlanningChecklistTableViewController.m */ = {isa = PBXFileReference; fileEncoding = 4; lastKnownFileType = sourcecode.c.objc; path = TAPartyPlanningChecklistTableViewController.m; sourceTree = "<group>"; };
		6BC32F4F1ABD28EB00C242BB /* TANetworkController.h */ = {isa = PBXFileReference; fileEncoding = 4; lastKnownFileType = sourcecode.c.h; path = TANetworkController.h; sourceTree = "<group>"; };
		6BC32F501ABD28EB00C242BB /* TANetworkController.m */ = {isa = PBXFileReference; fileEncoding = 4; lastKnownFileType = sourcecode.c.objc; path = TANetworkController.m; sourceTree = "<group>"; };
		6BC32F521ABD2B0100C242BB /* TAParty.h */ = {isa = PBXFileReference; fileEncoding = 4; lastKnownFileType = sourcecode.c.h; path = TAParty.h; sourceTree = "<group>"; };
		6BC32F531ABD2B0100C242BB /* TAParty.m */ = {isa = PBXFileReference; fileEncoding = 4; lastKnownFileType = sourcecode.c.objc; path = TAParty.m; sourceTree = "<group>"; };
		6BC32F551ABD2C6300C242BB /* TAChecklist.h */ = {isa = PBXFileReference; fileEncoding = 4; lastKnownFileType = sourcecode.c.h; path = TAChecklist.h; sourceTree = "<group>"; };
		6BC32F561ABD2C6300C242BB /* TAChecklist.m */ = {isa = PBXFileReference; fileEncoding = 4; lastKnownFileType = sourcecode.c.objc; path = TAChecklist.m; sourceTree = "<group>"; };
		6BC552B91A98ED6C00BB2FA4 /* UIColor+ExtraColorTools.h */ = {isa = PBXFileReference; fileEncoding = 4; lastKnownFileType = sourcecode.c.h; path = "UIColor+ExtraColorTools.h"; sourceTree = "<group>"; };
		6BC552BA1A98ED6C00BB2FA4 /* UIColor+ExtraColorTools.m */ = {isa = PBXFileReference; fileEncoding = 4; lastKnownFileType = sourcecode.c.objc; path = "UIColor+ExtraColorTools.m"; sourceTree = "<group>"; };
		6BC552BC1A9909F300BB2FA4 /* TATitlePageViewController.h */ = {isa = PBXFileReference; fileEncoding = 4; lastKnownFileType = sourcecode.c.h; path = TATitlePageViewController.h; sourceTree = "<group>"; };
		6BC552BD1A9909F300BB2FA4 /* TATitlePageViewController.m */ = {isa = PBXFileReference; fileEncoding = 4; lastKnownFileType = sourcecode.c.objc; path = TATitlePageViewController.m; sourceTree = "<group>"; };
		6BC552BF1A990DED00BB2FA4 /* TAUserController.h */ = {isa = PBXFileReference; fileEncoding = 4; lastKnownFileType = sourcecode.c.h; path = TAUserController.h; sourceTree = "<group>"; };
		6BC552C01A990DED00BB2FA4 /* TAUserController.m */ = {isa = PBXFileReference; fileEncoding = 4; lastKnownFileType = sourcecode.c.objc; path = TAUserController.m; sourceTree = "<group>"; };
		6BC552E11A996D1900BB2FA4 /* libz.dylib */ = {isa = PBXFileReference; lastKnownFileType = "compiled.mach-o.dylib"; name = libz.dylib; path = usr/lib/libz.dylib; sourceTree = SDKROOT; };
		6BC552E31A996D2900BB2FA4 /* libsqlite3.dylib */ = {isa = PBXFileReference; lastKnownFileType = "compiled.mach-o.dylib"; name = libsqlite3.dylib; path = usr/lib/libsqlite3.dylib; sourceTree = SDKROOT; };
		6BEE9DA51AC71A90004FF4BA /* ChecklistSection.h */ = {isa = PBXFileReference; fileEncoding = 4; lastKnownFileType = sourcecode.c.h; path = ChecklistSection.h; sourceTree = "<group>"; };
		6BEE9DA61AC71A90004FF4BA /* ChecklistSection.m */ = {isa = PBXFileReference; fileEncoding = 4; lastKnownFileType = sourcecode.c.objc; path = ChecklistSection.m; sourceTree = "<group>"; };
		6BEE9DA81AC71AA2004FF4BA /* ChecklistEntries.h */ = {isa = PBXFileReference; fileEncoding = 4; lastKnownFileType = sourcecode.c.h; path = ChecklistEntries.h; sourceTree = "<group>"; };
		6BEE9DA91AC71AA2004FF4BA /* ChecklistEntries.m */ = {isa = PBXFileReference; fileEncoding = 4; lastKnownFileType = sourcecode.c.objc; path = ChecklistEntries.m; sourceTree = "<group>"; };
		6BEE9DAB1AC71AAE004FF4BA /* Entry.h */ = {isa = PBXFileReference; fileEncoding = 4; lastKnownFileType = sourcecode.c.h; path = Entry.h; sourceTree = "<group>"; };
		6BEE9DAC1AC71AAE004FF4BA /* Entry.m */ = {isa = PBXFileReference; fileEncoding = 4; lastKnownFileType = sourcecode.c.objc; path = Entry.m; sourceTree = "<group>"; };
		6BEE9DAE1ACB31AB004FF4BA /* TATableViewCell.h */ = {isa = PBXFileReference; fileEncoding = 4; lastKnownFileType = sourcecode.c.h; path = TATableViewCell.h; sourceTree = "<group>"; };
		6BEE9DAF1ACB31AB004FF4BA /* TATableViewCell.m */ = {isa = PBXFileReference; fileEncoding = 4; lastKnownFileType = sourcecode.c.objc; path = TATableViewCell.m; sourceTree = "<group>"; };
		DE1EEB53CFD4FD38D89663BD /* libPods-TryazonApp.a */ = {isa = PBXFileReference; explicitFileType = archive.ar; includeInIndex = 0; path = "libPods-TryazonApp.a"; sourceTree = BUILT_PRODUCTS_DIR; };
/* End PBXFileReference section */

/* Begin PBXFrameworksBuildPhase section */
		6B748A161A8DAC54003F5124 /* Frameworks */ = {
			isa = PBXFrameworksBuildPhase;
			buildActionMask = 2147483647;
			files = (
				89AD0170010246D1FA1F6833 /* libPods-TryazonApp.a in Frameworks */,
			);
			runOnlyForDeploymentPostprocessing = 0;
		};
		6B748A2F1A8DAC54003F5124 /* Frameworks */ = {
			isa = PBXFrameworksBuildPhase;
			buildActionMask = 2147483647;
			files = (
			);
			runOnlyForDeploymentPostprocessing = 0;
		};
/* End PBXFrameworksBuildPhase section */

/* Begin PBXGroup section */
		6B748A101A8DAC54003F5124 = {
			isa = PBXGroup;
			children = (
				6B748A1B1A8DAC54003F5124 /* TryazonApp */,
				6BC552E31A996D2900BB2FA4 /* libsqlite3.dylib */,
				6BC552E11A996D1900BB2FA4 /* libz.dylib */,
				6BC552B91A98ED6C00BB2FA4 /* UIColor+ExtraColorTools.h */,
				6BC552BA1A98ED6C00BB2FA4 /* UIColor+ExtraColorTools.m */,
				6B748A351A8DAC54003F5124 /* TryazonAppTests */,
				6B748A1A1A8DAC54003F5124 /* Products */,
				F9785CAA4107DE9F06AB3381 /* Pods */,
				B6444CF74BE1D2887E928C8E /* Frameworks */,
			);
			sourceTree = "<group>";
		};
		6B748A1A1A8DAC54003F5124 /* Products */ = {
			isa = PBXGroup;
			children = (
				6B748A191A8DAC54003F5124 /* TryazonApp.app */,
				6B748A321A8DAC54003F5124 /* TryazonAppTests.xctest */,
			);
			name = Products;
			sourceTree = "<group>";
		};
		6B748A1B1A8DAC54003F5124 /* TryazonApp */ = {
			isa = PBXGroup;
			children = (
				6B748A201A8DAC54003F5124 /* AppDelegate.h */,
				6B748A211A8DAC54003F5124 /* AppDelegate.m */,
				6BC17FD21AC4D19D009E1C30 /* Main.storyboard */,
				6BC552BC1A9909F300BB2FA4 /* TATitlePageViewController.h */,
				6BC552BD1A9909F300BB2FA4 /* TATitlePageViewController.m */,
				6BC17FD41AC4F7D2009E1C30 /* TASignUpWebViewController.h */,
				6BC17FD51AC4F7D2009E1C30 /* TASignUpWebViewController.m */,
				6BC32F491AB9061800C242BB /* TAPartyPlanningChecklistTableViewController.h */,
				6BC32F4A1AB9061800C242BB /* TAPartyPlanningChecklistTableViewController.m */,
				6BEE9DAE1ACB31AB004FF4BA /* TATableViewCell.h */,
				6BEE9DAF1ACB31AB004FF4BA /* TATableViewCell.m */,
				6BAB849A1AA69C1A00ED3218 /* TAPartyHostInfoViewController.h */,
				6BAB849B1AA69C1A00ED3218 /* TAPartyHostInfoViewController.m */,
				6BBCDAE11A8FCDB6001A8753 /* TASurveyViewController.h */,
				6BBCDAE21A8FCDB6001A8753 /* TASurveyViewController.m */,
				6BC185861A942F8C00EADC9D /* SurveyDetailViewController.h */,
				6BC185871A942F8C00EADC9D /* SurveyDetailViewController.m */,
				6BAB849D1AA6B87000ED3218 /* TAPartyController.h */,
				6BAB849E1AA6B87000ED3218 /* TAPartyController.m */,
				6BC32F521ABD2B0100C242BB /* TAParty.h */,
				6BC32F531ABD2B0100C242BB /* TAParty.m */,
				6BC32F551ABD2C6300C242BB /* TAChecklist.h */,
				6BC32F561ABD2C6300C242BB /* TAChecklist.m */,
				6BEE9DA51AC71A90004FF4BA /* ChecklistSection.h */,
				6BEE9DA61AC71A90004FF4BA /* ChecklistSection.m */,
				6BEE9DA81AC71AA2004FF4BA /* ChecklistEntries.h */,
				6BEE9DA91AC71AA2004FF4BA /* ChecklistEntries.m */,
				6BEE9DAB1AC71AAE004FF4BA /* Entry.h */,
				6BEE9DAC1AC71AAE004FF4BA /* Entry.m */,
				6BC32F4F1ABD28EB00C242BB /* TANetworkController.h */,
				6BC32F501ABD28EB00C242BB /* TANetworkController.m */,
				6B748A421A8DACB6003F5124 /* Tryazon-logo2a.png */,
				6BAB84931AA254F000ED3218 /* Tryazon-logo.png */,
				6BAB84951AA2550800ED3218 /* Tryazon-logo-blank.png */,
				6BC552BF1A990DED00BB2FA4 /* TAUserController.h */,
				6BC552C01A990DED00BB2FA4 /* TAUserController.m */,
				6BAB848B1AA00C7F00ED3218 /* TALogInViewController.h */,
				6BAB848C1AA00C7F00ED3218 /* TALogInViewController.m */,
				6BAB84901AA2472700ED3218 /* TASignUpViewController.h */,
				6BAB84911AA2472700ED3218 /* TASignUpViewController.m */,
				6B748A291A8DAC54003F5124 /* Images.xcassets */,
				6B748A2B1A8DAC54003F5124 /* LaunchScreen.xib */,
				6B748A1C1A8DAC54003F5124 /* Supporting Files */,
			);
			path = TryazonApp;
			sourceTree = "<group>";
		};
		6B748A1C1A8DAC54003F5124 /* Supporting Files */ = {
			isa = PBXGroup;
			children = (
				6B748A1D1A8DAC54003F5124 /* Info.plist */,
				6B748A1E1A8DAC54003F5124 /* main.m */,
			);
			name = "Supporting Files";
			sourceTree = "<group>";
		};
		6B748A351A8DAC54003F5124 /* TryazonAppTests */ = {
			isa = PBXGroup;
			children = (
				6B748A381A8DAC54003F5124 /* TryazonAppTests.m */,
				6B748A361A8DAC54003F5124 /* Supporting Files */,
			);
			path = TryazonAppTests;
			sourceTree = "<group>";
		};
		6B748A361A8DAC54003F5124 /* Supporting Files */ = {
			isa = PBXGroup;
			children = (
				6B748A371A8DAC54003F5124 /* Info.plist */,
			);
			name = "Supporting Files";
			sourceTree = "<group>";
		};
		B6444CF74BE1D2887E928C8E /* Frameworks */ = {
			isa = PBXGroup;
			children = (
				DE1EEB53CFD4FD38D89663BD /* libPods-TryazonApp.a */,
			);
			name = Frameworks;
			sourceTree = "<group>";
		};
		F9785CAA4107DE9F06AB3381 /* Pods */ = {
			isa = PBXGroup;
			children = (
				3C7D92C43B1DC949FCF7BA26 /* Pods-TryazonApp.debug.xcconfig */,
				03E5E70203255536E6DD5076 /* Pods-TryazonApp.release.xcconfig */,
			);
			name = Pods;
			sourceTree = "<group>";
		};
/* End PBXGroup section */

/* Begin PBXNativeTarget section */
		6B748A181A8DAC54003F5124 /* TryazonApp */ = {
			isa = PBXNativeTarget;
			buildConfigurationList = 6B748A3C1A8DAC54003F5124 /* Build configuration list for PBXNativeTarget "TryazonApp" */;
			buildPhases = (
				A40041FAEF8337FD6D58B3EA /* Check Pods Manifest.lock */,
				6B748A151A8DAC54003F5124 /* Sources */,
				6B748A161A8DAC54003F5124 /* Frameworks */,
				6B748A171A8DAC54003F5124 /* Resources */,
				08859F57A0E379980014B44C /* Copy Pods Resources */,
				6BAB848A1AA0061800ED3218 /* ShellScript */,
			);
			buildRules = (
			);
			dependencies = (
			);
			name = TryazonApp;
			productName = TryazonApp;
			productReference = 6B748A191A8DAC54003F5124 /* TryazonApp.app */;
			productType = "com.apple.product-type.application";
		};
		6B748A311A8DAC54003F5124 /* TryazonAppTests */ = {
			isa = PBXNativeTarget;
			buildConfigurationList = 6B748A3F1A8DAC54003F5124 /* Build configuration list for PBXNativeTarget "TryazonAppTests" */;
			buildPhases = (
				6B748A2E1A8DAC54003F5124 /* Sources */,
				6B748A2F1A8DAC54003F5124 /* Frameworks */,
				6B748A301A8DAC54003F5124 /* Resources */,
			);
			buildRules = (
			);
			dependencies = (
				6B748A341A8DAC54003F5124 /* PBXTargetDependency */,
			);
			name = TryazonAppTests;
			productName = TryazonAppTests;
			productReference = 6B748A321A8DAC54003F5124 /* TryazonAppTests.xctest */;
			productType = "com.apple.product-type.bundle.unit-test";
		};
/* End PBXNativeTarget section */

/* Begin PBXProject section */
		6B748A111A8DAC54003F5124 /* Project object */ = {
			isa = PBXProject;
			attributes = {
				LastUpgradeCheck = 0610;
				ORGANIZATIONNAME = "Dustin Flanary";
				TargetAttributes = {
					6B748A181A8DAC54003F5124 = {
						CreatedOnToolsVersion = 6.1.1;
						DevelopmentTeam = KM2A3K6DXB;
						SystemCapabilities = {
							com.apple.BackgroundModes = {
								enabled = 1;
							};
						};
					};
					6B748A311A8DAC54003F5124 = {
						CreatedOnToolsVersion = 6.1.1;
						TestTargetID = 6B748A181A8DAC54003F5124;
					};
				};
			};
			buildConfigurationList = 6B748A141A8DAC54003F5124 /* Build configuration list for PBXProject "TryazonApp" */;
			compatibilityVersion = "Xcode 3.2";
			developmentRegion = English;
			hasScannedForEncodings = 0;
			knownRegions = (
				en,
				Base,
			);
			mainGroup = 6B748A101A8DAC54003F5124;
			productRefGroup = 6B748A1A1A8DAC54003F5124 /* Products */;
			projectDirPath = "";
			projectRoot = "";
			targets = (
				6B748A181A8DAC54003F5124 /* TryazonApp */,
				6B748A311A8DAC54003F5124 /* TryazonAppTests */,
			);
		};
/* End PBXProject section */

/* Begin PBXResourcesBuildPhase section */
		6B748A171A8DAC54003F5124 /* Resources */ = {
			isa = PBXResourcesBuildPhase;
			buildActionMask = 2147483647;
			files = (
				6BAB84941AA254F000ED3218 /* Tryazon-logo.png in Resources */,
				6B748A431A8DACB6003F5124 /* Tryazon-logo2a.png in Resources */,
				6B748A2D1A8DAC54003F5124 /* LaunchScreen.xib in Resources */,
				6BC17FD31AC4D19D009E1C30 /* Main.storyboard in Resources */,
				6B748A2A1A8DAC54003F5124 /* Images.xcassets in Resources */,
				6BAB84961AA2550800ED3218 /* Tryazon-logo-blank.png in Resources */,
			);
			runOnlyForDeploymentPostprocessing = 0;
		};
		6B748A301A8DAC54003F5124 /* Resources */ = {
			isa = PBXResourcesBuildPhase;
			buildActionMask = 2147483647;
			files = (
			);
			runOnlyForDeploymentPostprocessing = 0;
		};
/* End PBXResourcesBuildPhase section */

/* Begin PBXShellScriptBuildPhase section */
		08859F57A0E379980014B44C /* Copy Pods Resources */ = {
			isa = PBXShellScriptBuildPhase;
			buildActionMask = 2147483647;
			files = (
			);
			inputPaths = (
			);
			name = "Copy Pods Resources";
			outputPaths = (
			);
			runOnlyForDeploymentPostprocessing = 0;
			shellPath = /bin/sh;
			shellScript = "\"${SRCROOT}/Pods/Target Support Files/Pods-TryazonApp/Pods-TryazonApp-resources.sh\"\n";
			showEnvVarsInLog = 0;
		};
		6BAB848A1AA0061800ED3218 /* ShellScript */ = {
			isa = PBXShellScriptBuildPhase;
			buildActionMask = 2147483647;
			files = (
			);
			inputPaths = (
			);
			outputPaths = (
			);
			runOnlyForDeploymentPostprocessing = 0;
			shellPath = /bin/sh;
			shellScript = "./Fabric.framework/run 1502064c72f42cda2a1e6bf318afe614eb8fb0d4 e8e24b8f3cf3dd7b41cd53bebbefed39f82a58fb210735af175f0c4154536ab6";
		};
		A40041FAEF8337FD6D58B3EA /* Check Pods Manifest.lock */ = {
			isa = PBXShellScriptBuildPhase;
			buildActionMask = 2147483647;
			files = (
			);
			inputPaths = (
			);
			name = "Check Pods Manifest.lock";
			outputPaths = (
			);
			runOnlyForDeploymentPostprocessing = 0;
			shellPath = /bin/sh;
			shellScript = "diff \"${PODS_ROOT}/../Podfile.lock\" \"${PODS_ROOT}/Manifest.lock\" > /dev/null\nif [[ $? != 0 ]] ; then\n    cat << EOM\nerror: The sandbox is not in sync with the Podfile.lock. Run 'pod install' or update your CocoaPods installation.\nEOM\n    exit 1\nfi\n";
			showEnvVarsInLog = 0;
		};
/* End PBXShellScriptBuildPhase section */

/* Begin PBXSourcesBuildPhase section */
		6B748A151A8DAC54003F5124 /* Sources */ = {
			isa = PBXSourcesBuildPhase;
			buildActionMask = 2147483647;
			files = (
				6BC552BE1A9909F300BB2FA4 /* TATitlePageViewController.m in Sources */,
				6BEE9DAD1AC71AAE004FF4BA /* Entry.m in Sources */,
				6BAB849C1AA69C1A00ED3218 /* TAPartyHostInfoViewController.m in Sources */,
				6BAB84921AA2472700ED3218 /* TASignUpViewController.m in Sources */,
				6BEE9DB01ACB31AB004FF4BA /* TATableViewCell.m in Sources */,
				6BAB849F1AA6B87000ED3218 /* TAPartyController.m in Sources */,
				6BC32F571ABD2C6300C242BB /* TAChecklist.m in Sources */,
				6BEE9DAA1AC71AA2004FF4BA /* ChecklistEntries.m in Sources */,
				6B748A221A8DAC54003F5124 /* AppDelegate.m in Sources */,
				6BC17FD61AC4F7D2009E1C30 /* TASignUpWebViewController.m in Sources */,
				6BC552C11A990DED00BB2FA4 /* TAUserController.m in Sources */,
				6BC32F511ABD28EB00C242BB /* TANetworkController.m in Sources */,
				6B748A1F1A8DAC54003F5124 /* main.m in Sources */,
				6BBCDAE31A8FCDB6001A8753 /* TASurveyViewController.m in Sources */,
				6BC32F541ABD2B0100C242BB /* TAParty.m in Sources */,
				6BC32F4B1AB9061800C242BB /* TAPartyPlanningChecklistTableViewController.m in Sources */,
				6BC552BB1A98ED6C00BB2FA4 /* UIColor+ExtraColorTools.m in Sources */,
				6BEE9DA71AC71A90004FF4BA /* ChecklistSection.m in Sources */,
				6BC185881A942F8C00EADC9D /* SurveyDetailViewController.m in Sources */,
				6BAB848D1AA00C7F00ED3218 /* TALogInViewController.m in Sources */,
			);
			runOnlyForDeploymentPostprocessing = 0;
		};
		6B748A2E1A8DAC54003F5124 /* Sources */ = {
			isa = PBXSourcesBuildPhase;
			buildActionMask = 2147483647;
			files = (
				6B748A391A8DAC54003F5124 /* TryazonAppTests.m in Sources */,
			);
			runOnlyForDeploymentPostprocessing = 0;
		};
/* End PBXSourcesBuildPhase section */

/* Begin PBXTargetDependency section */
		6B748A341A8DAC54003F5124 /* PBXTargetDependency */ = {
			isa = PBXTargetDependency;
			target = 6B748A181A8DAC54003F5124 /* TryazonApp */;
			targetProxy = 6B748A331A8DAC54003F5124 /* PBXContainerItemProxy */;
		};
/* End PBXTargetDependency section */

/* Begin PBXVariantGroup section */
		6B748A2B1A8DAC54003F5124 /* LaunchScreen.xib */ = {
			isa = PBXVariantGroup;
			children = (
				6B748A2C1A8DAC54003F5124 /* Base */,
			);
			name = LaunchScreen.xib;
			sourceTree = "<group>";
		};
/* End PBXVariantGroup section */

/* Begin XCBuildConfiguration section */
		6B748A3A1A8DAC54003F5124 /* Debug */ = {
			isa = XCBuildConfiguration;
			buildSettings = {
				ALWAYS_SEARCH_USER_PATHS = NO;
				CLANG_CXX_LANGUAGE_STANDARD = "gnu++0x";
				CLANG_CXX_LIBRARY = "libc++";
				CLANG_ENABLE_MODULES = YES;
				CLANG_ENABLE_OBJC_ARC = YES;
				CLANG_WARN_BOOL_CONVERSION = YES;
				CLANG_WARN_CONSTANT_CONVERSION = YES;
				CLANG_WARN_DIRECT_OBJC_ISA_USAGE = YES_ERROR;
				CLANG_WARN_EMPTY_BODY = YES;
				CLANG_WARN_ENUM_CONVERSION = YES;
				CLANG_WARN_INT_CONVERSION = YES;
				CLANG_WARN_OBJC_ROOT_CLASS = YES_ERROR;
				CLANG_WARN_UNREACHABLE_CODE = YES;
				CLANG_WARN__DUPLICATE_METHOD_MATCH = YES;
				"CODE_SIGN_IDENTITY[sdk=iphoneos*]" = "iPhone Developer";
				COPY_PHASE_STRIP = NO;
				ENABLE_STRICT_OBJC_MSGSEND = YES;
				GCC_C_LANGUAGE_STANDARD = gnu99;
				GCC_DYNAMIC_NO_PIC = NO;
				GCC_OPTIMIZATION_LEVEL = 0;
				GCC_PREPROCESSOR_DEFINITIONS = (
					"DEBUG=1",
					"$(inherited)",
				);
				GCC_SYMBOLS_PRIVATE_EXTERN = NO;
				GCC_WARN_64_TO_32_BIT_CONVERSION = YES;
				GCC_WARN_ABOUT_RETURN_TYPE = YES_ERROR;
				GCC_WARN_UNDECLARED_SELECTOR = YES;
				GCC_WARN_UNINITIALIZED_AUTOS = YES_AGGRESSIVE;
				GCC_WARN_UNUSED_FUNCTION = YES;
				GCC_WARN_UNUSED_VARIABLE = YES;
				IPHONEOS_DEPLOYMENT_TARGET = 8.1;
				MTL_ENABLE_DEBUG_INFO = YES;
				ONLY_ACTIVE_ARCH = YES;
				SDKROOT = iphoneos;
				TARGETED_DEVICE_FAMILY = "1,2";
			};
			name = Debug;
		};
		6B748A3B1A8DAC54003F5124 /* Release */ = {
			isa = XCBuildConfiguration;
			buildSettings = {
				ALWAYS_SEARCH_USER_PATHS = NO;
				CLANG_CXX_LANGUAGE_STANDARD = "gnu++0x";
				CLANG_CXX_LIBRARY = "libc++";
				CLANG_ENABLE_MODULES = YES;
				CLANG_ENABLE_OBJC_ARC = YES;
				CLANG_WARN_BOOL_CONVERSION = YES;
				CLANG_WARN_CONSTANT_CONVERSION = YES;
				CLANG_WARN_DIRECT_OBJC_ISA_USAGE = YES_ERROR;
				CLANG_WARN_EMPTY_BODY = YES;
				CLANG_WARN_ENUM_CONVERSION = YES;
				CLANG_WARN_INT_CONVERSION = YES;
				CLANG_WARN_OBJC_ROOT_CLASS = YES_ERROR;
				CLANG_WARN_UNREACHABLE_CODE = YES;
				CLANG_WARN__DUPLICATE_METHOD_MATCH = YES;
				"CODE_SIGN_IDENTITY[sdk=iphoneos*]" = "iPhone Developer";
				COPY_PHASE_STRIP = YES;
				ENABLE_NS_ASSERTIONS = NO;
				ENABLE_STRICT_OBJC_MSGSEND = YES;
				GCC_C_LANGUAGE_STANDARD = gnu99;
				GCC_WARN_64_TO_32_BIT_CONVERSION = YES;
				GCC_WARN_ABOUT_RETURN_TYPE = YES_ERROR;
				GCC_WARN_UNDECLARED_SELECTOR = YES;
				GCC_WARN_UNINITIALIZED_AUTOS = YES_AGGRESSIVE;
				GCC_WARN_UNUSED_FUNCTION = YES;
				GCC_WARN_UNUSED_VARIABLE = YES;
				IPHONEOS_DEPLOYMENT_TARGET = 8.1;
				MTL_ENABLE_DEBUG_INFO = NO;
				SDKROOT = iphoneos;
				TARGETED_DEVICE_FAMILY = "1,2";
				VALIDATE_PRODUCT = YES;
			};
			name = Release;
		};
		6B748A3D1A8DAC54003F5124 /* Debug */ = {
			isa = XCBuildConfiguration;
			baseConfigurationReference = 3C7D92C43B1DC949FCF7BA26 /* Pods-TryazonApp.debug.xcconfig */;
			buildSettings = {
				ASSETCATALOG_COMPILER_APPICON_NAME = AppIcon;
				CODE_SIGN_IDENTITY = "iPhone Developer: Dustin Flanary (95H7J54Y36)";
				"CODE_SIGN_IDENTITY[sdk=iphoneos*]" = "iPhone Developer: Dustin Flanary (95H7J54Y36)";
				FRAMEWORK_SEARCH_PATHS = (
					"$(inherited)",
					"$(PROJECT_DIR)",
					"$(PROJECT_DIR)/parse-library-1.6.2",
				);
				INFOPLIST_FILE = TryazonApp/Info.plist;
				LD_RUNPATH_SEARCH_PATHS = "$(inherited) @executable_path/Frameworks";
				PRODUCT_NAME = "$(TARGET_NAME)";
				PROVISIONING_PROFILE = "ecfdb438-dd5e-4603-9d2a-7ef29fe93a34";
			};
			name = Debug;
		};
		6B748A3E1A8DAC54003F5124 /* Release */ = {
			isa = XCBuildConfiguration;
			baseConfigurationReference = 03E5E70203255536E6DD5076 /* Pods-TryazonApp.release.xcconfig */;
			buildSettings = {
				ASSETCATALOG_COMPILER_APPICON_NAME = AppIcon;
				CODE_SIGN_IDENTITY = "iPhone Developer: Dustin Flanary (95H7J54Y36)";
				"CODE_SIGN_IDENTITY[sdk=iphoneos*]" = "iPhone Developer: Dustin Flanary (95H7J54Y36)";
				FRAMEWORK_SEARCH_PATHS = (
					"$(inherited)",
					"$(PROJECT_DIR)",
					"$(PROJECT_DIR)/parse-library-1.6.2",
				);
				INFOPLIST_FILE = TryazonApp/Info.plist;
				LD_RUNPATH_SEARCH_PATHS = "$(inherited) @executable_path/Frameworks";
				PRODUCT_NAME = "$(TARGET_NAME)";
				PROVISIONING_PROFILE = "ecfdb438-dd5e-4603-9d2a-7ef29fe93a34";
			};
			name = Release;
		};
		6B748A401A8DAC54003F5124 /* Debug */ = {
			isa = XCBuildConfiguration;
			buildSettings = {
				BUNDLE_LOADER = "$(TEST_HOST)";
				FRAMEWORK_SEARCH_PATHS = (
					"$(SDKROOT)/Developer/Library/Frameworks",
					"$(inherited)",
				);
				GCC_PREPROCESSOR_DEFINITIONS = (
					"DEBUG=1",
					"$(inherited)",
				);
				INFOPLIST_FILE = TryazonAppTests/Info.plist;
				LD_RUNPATH_SEARCH_PATHS = "$(inherited) @executable_path/Frameworks @loader_path/Frameworks";
				PRODUCT_NAME = "$(TARGET_NAME)";
				TEST_HOST = "$(BUILT_PRODUCTS_DIR)/TryazonApp.app/TryazonApp";
			};
			name = Debug;
		};
		6B748A411A8DAC54003F5124 /* Release */ = {
			isa = XCBuildConfiguration;
			buildSettings = {
				BUNDLE_LOADER = "$(TEST_HOST)";
				FRAMEWORK_SEARCH_PATHS = (
					"$(SDKROOT)/Developer/Library/Frameworks",
					"$(inherited)",
				);
				INFOPLIST_FILE = TryazonAppTests/Info.plist;
				LD_RUNPATH_SEARCH_PATHS = "$(inherited) @executable_path/Frameworks @loader_path/Frameworks";
				PRODUCT_NAME = "$(TARGET_NAME)";
				TEST_HOST = "$(BUILT_PRODUCTS_DIR)/TryazonApp.app/TryazonApp";
			};
			name = Release;
		};
/* End XCBuildConfiguration section */

/* Begin XCConfigurationList section */
		6B748A141A8DAC54003F5124 /* Build configuration list for PBXProject "TryazonApp" */ = {
			isa = XCConfigurationList;
			buildConfigurations = (
				6B748A3A1A8DAC54003F5124 /* Debug */,
				6B748A3B1A8DAC54003F5124 /* Release */,
			);
			defaultConfigurationIsVisible = 0;
			defaultConfigurationName = Release;
		};
		6B748A3C1A8DAC54003F5124 /* Build configuration list for PBXNativeTarget "TryazonApp" */ = {
			isa = XCConfigurationList;
			buildConfigurations = (
				6B748A3D1A8DAC54003F5124 /* Debug */,
				6B748A3E1A8DAC54003F5124 /* Release */,
			);
			defaultConfigurationIsVisible = 0;
			defaultConfigurationName = Release;
		};
		6B748A3F1A8DAC54003F5124 /* Build configuration list for PBXNativeTarget "TryazonAppTests" */ = {
			isa = XCConfigurationList;
			buildConfigurations = (
				6B748A401A8DAC54003F5124 /* Debug */,
				6B748A411A8DAC54003F5124 /* Release */,
			);
			defaultConfigurationIsVisible = 0;
			defaultConfigurationName = Release;
		};
/* End XCConfigurationList section */
	};
	rootObject = 6B748A111A8DAC54003F5124 /* Project object */;
}
